// !$*UTF8*$!
{
	archiveVersion = 1;
	classes = {
	};
	objectVersion = 50;
	objects = {

/* Begin PBXBuildFile section */
		665442B3236BE12F0089102A /* AppDelegate.m in Sources */ = {isa = PBXBuildFile; fileRef = 665442B2236BE12F0089102A /* AppDelegate.m */; };
		665442B6236BE12F0089102A /* SceneDelegate.m in Sources */ = {isa = PBXBuildFile; fileRef = 665442B5236BE12F0089102A /* SceneDelegate.m */; };
		665442B9236BE12F0089102A /* ViewController.m in Sources */ = {isa = PBXBuildFile; fileRef = 665442B8236BE12F0089102A /* ViewController.m */; };
		665442BC236BE12F0089102A /* Main.storyboard in Resources */ = {isa = PBXBuildFile; fileRef = 665442BA236BE12F0089102A /* Main.storyboard */; };
		665442BE236BE1320089102A /* Assets.xcassets in Resources */ = {isa = PBXBuildFile; fileRef = 665442BD236BE1320089102A /* Assets.xcassets */; };
		665442C1236BE1320089102A /* LaunchScreen.storyboard in Resources */ = {isa = PBXBuildFile; fileRef = 665442BF236BE1320089102A /* LaunchScreen.storyboard */; };
		665442C4236BE1320089102A /* main.m in Sources */ = {isa = PBXBuildFile; fileRef = 665442C3236BE1320089102A /* main.m */; };
/* End PBXBuildFile section */

/* Begin PBXFileReference section */
		665442AE236BE12F0089102A /* testAACEncode.app */ = {isa = PBXFileReference; explicitFileType = wrapper.application; includeInIndex = 0; path = testAACEncode.app; sourceTree = BUILT_PRODUCTS_DIR; };
		665442B1236BE12F0089102A /* AppDelegate.h */ = {isa = PBXFileReference; lastKnownFileType = sourcecode.c.h; path = AppDelegate.h; sourceTree = "<group>"; };
		665442B2236BE12F0089102A /* AppDelegate.m */ = {isa = PBXFileReference; lastKnownFileType = sourcecode.c.objc; path = AppDelegate.m; sourceTree = "<group>"; };
		665442B4236BE12F0089102A /* SceneDelegate.h */ = {isa = PBXFileReference; lastKnownFileType = sourcecode.c.h; path = SceneDelegate.h; sourceTree = "<group>"; };
		665442B5236BE12F0089102A /* SceneDelegate.m */ = {isa = PBXFileReference; lastKnownFileType = sourcecode.c.objc; path = SceneDelegate.m; sourceTree = "<group>"; };
		665442B7236BE12F0089102A /* ViewController.h */ = {isa = PBXFileReference; lastKnownFileType = sourcecode.c.h; path = ViewController.h; sourceTree = "<group>"; };
		665442B8236BE12F0089102A /* ViewController.m */ = {isa = PBXFileReference; lastKnownFileType = sourcecode.c.objc; path = ViewController.m; sourceTree = "<group>"; };
		665442BB236BE12F0089102A /* Base */ = {isa = PBXFileReference; lastKnownFileType = file.storyboard; name = Base; path = Base.lproj/Main.storyboard; sourceTree = "<group>"; };
		665442BD236BE1320089102A /* Assets.xcassets */ = {isa = PBXFileReference; lastKnownFileType = folder.assetcatalog; path = Assets.xcassets; sourceTree = "<group>"; };
		665442C0236BE1320089102A /* Base */ = {isa = PBXFileReference; lastKnownFileType = file.storyboard; name = Base; path = Base.lproj/LaunchScreen.storyboard; sourceTree = "<group>"; };
		665442C2236BE1320089102A /* Info.plist */ = {isa = PBXFileReference; lastKnownFileType = text.plist.xml; path = Info.plist; sourceTree = "<group>"; };
		665442C3236BE1320089102A /* main.m */ = {isa = PBXFileReference; lastKnownFileType = sourcecode.c.objc; path = main.m; sourceTree = "<group>"; };
/* End PBXFileReference section */

/* Begin PBXFrameworksBuildPhase section */
		665442AB236BE12F0089102A /* Frameworks */ = {
			isa = PBXFrameworksBuildPhase;
			buildActionMask = 2147483647;
			files = (
			);
			runOnlyForDeploymentPostprocessing = 0;
		};
/* End PBXFrameworksBuildPhase section */

/* Begin PBXGroup section */
		665442A5236BE12F0089102A = {
			isa = PBXGroup;
			children = (
				665442B0236BE12F0089102A /* testAACEncode */,
				665442AF236BE12F0089102A /* Products */,
			);
			sourceTree = "<group>";
		};
		665442AF236BE12F0089102A /* Products */ = {
			isa = PBXGroup;
			children = (
				665442AE236BE12F0089102A /* testAACEncode.app */,
			);
			name = Products;
			sourceTree = "<group>";
		};
		665442B0236BE12F0089102A /* testAACEncode */ = {
			isa = PBXGroup;
			children = (
				665442B1236BE12F0089102A /* AppDelegate.h */,
				665442B2236BE12F0089102A /* AppDelegate.m */,
				665442B4236BE12F0089102A /* SceneDelegate.h */,
				665442B5236BE12F0089102A /* SceneDelegate.m */,
				665442B7236BE12F0089102A /* ViewController.h */,
				665442B8236BE12F0089102A /* ViewController.m */,
				665442BA236BE12F0089102A /* Main.storyboard */,
				665442BD236BE1320089102A /* Assets.xcassets */,
				665442BF236BE1320089102A /* LaunchScreen.storyboard */,
				665442C2236BE1320089102A /* Info.plist */,
				665442C3236BE1320089102A /* main.m */,
			);
			path = testAACEncode;
			sourceTree = "<group>";
		};
/* End PBXGroup section */

/* Begin PBXNativeTarget section */
		665442AD236BE12F0089102A /* testAACEncode */ = {
			isa = PBXNativeTarget;
			buildConfigurationList = 665442C7236BE1320089102A /* Build configuration list for PBXNativeTarget "testAACEncode" */;
			buildPhases = (
				665442AA236BE12F0089102A /* Sources */,
				665442AB236BE12F0089102A /* Frameworks */,
				665442AC236BE12F0089102A /* Resources */,
			);
			buildRules = (
			);
			dependencies = (
			);
			name = testAACEncode;
			productName = testAACEncode;
			productReference = 665442AE236BE12F0089102A /* testAACEncode.app */;
			productType = "com.apple.product-type.application";
		};
/* End PBXNativeTarget section */

/* Begin PBXProject section */
		665442A6236BE12F0089102A /* Project object */ = {
			isa = PBXProject;
			attributes = {
				LastUpgradeCheck = 1100;
				ORGANIZATIONNAME = "彭依汉";
				TargetAttributes = {
					665442AD236BE12F0089102A = {
						CreatedOnToolsVersion = 11.0;
					};
				};
			};
			buildConfigurationList = 665442A9236BE12F0089102A /* Build configuration list for PBXProject "testAACEncode" */;
			compatibilityVersion = "Xcode 9.3";
			developmentRegion = en;
			hasScannedForEncodings = 0;
			knownRegions = (
				en,
				Base,
			);
			mainGroup = 665442A5236BE12F0089102A;
			productRefGroup = 665442AF236BE12F0089102A /* Products */;
			projectDirPath = "";
			projectRoot = "";
			targets = (
				665442AD236BE12F0089102A /* testAACEncode */,
			);
		};
/* End PBXProject section */

/* Begin PBXResourcesBuildPhase section */
		665442AC236BE12F0089102A /* Resources */ = {
			isa = PBXResourcesBuildPhase;
			buildActionMask = 2147483647;
			files = (
				665442C1236BE1320089102A /* LaunchScreen.storyboard in Resources */,
				665442BE236BE1320089102A /* Assets.xcassets in Resources */,
				665442BC236BE12F0089102A /* Main.storyboard in Resources */,
			);
			runOnlyForDeploymentPostprocessing = 0;
		};
/* End PBXResourcesBuildPhase section */

/* Begin PBXSourcesBuildPhase section */
		665442AA236BE12F0089102A /* Sources */ = {
			isa = PBXSourcesBuildPhase;
			buildActionMask = 2147483647;
			files = (
				665442B9236BE12F0089102A /* ViewController.m in Sources */,
				665442B3236BE12F0089102A /* AppDelegate.m in Sources */,
				665442C4236BE1320089102A /* main.m in Sources */,
				665442B6236BE12F0089102A /* SceneDelegate.m in Sources */,
			);
			runOnlyForDeploymentPostprocessing = 0;
		};
/* End PBXSourcesBuildPhase section */

/* Begin PBXVariantGroup section */
		665442BA236BE12F0089102A /* Main.storyboard */ = {
			isa = PBXVariantGroup;
			children = (
				665442BB236BE12F0089102A /* Base */,
			);
			name = Main.storyboard;
			sourceTree = "<group>";
		};
		665442BF236BE1320089102A /* LaunchScreen.storyboard */ = {
			isa = PBXVariantGroup;
			children = (
				665442C0236BE1320089102A /* Base */,
			);
			name = LaunchScreen.storyboard;
			sourceTree = "<group>";
		};
/* End PBXVariantGroup section */

/* Begin XCBuildConfiguration section */
		665442C5236BE1320089102A /* Debug */ = {
			isa = XCBuildConfiguration;
			buildSettings = {
				ALWAYS_SEARCH_USER_PATHS = NO;
				CLANG_ANALYZER_NONNULL = YES;
				CLANG_ANALYZER_NUMBER_OBJECT_CONVERSION = YES_AGGRESSIVE;
				CLANG_CXX_LANGUAGE_STANDARD = "gnu++14";
				CLANG_CXX_LIBRARY = "libc++";
				CLANG_ENABLE_MODULES = YES;
				CLANG_ENABLE_OBJC_ARC = YES;
				CLANG_ENABLE_OBJC_WEAK = YES;
				CLANG_WARN_BLOCK_CAPTURE_AUTORELEASING = YES;
				CLANG_WARN_BOOL_CONVERSION = YES;
				CLANG_WARN_COMMA = YES;
				CLANG_WARN_CONSTANT_CONVERSION = YES;
				CLANG_WARN_DEPRECATED_OBJC_IMPLEMENTATIONS = YES;
				CLANG_WARN_DIRECT_OBJC_ISA_USAGE = YES_ERROR;
				CLANG_WARN_DOCUMENTATION_COMMENTS = YES;
				CLANG_WARN_EMPTY_BODY = YES;
				CLANG_WARN_ENUM_CONVERSION = YES;
				CLANG_WARN_INFINITE_RECURSION = YES;
				CLANG_WARN_INT_CONVERSION = YES;
				CLANG_WARN_NON_LITERAL_NULL_CONVERSION = YES;
				CLANG_WARN_OBJC_IMPLICIT_RETAIN_SELF = YES;
				CLANG_WARN_OBJC_LITERAL_CONVERSION = YES;
				CLANG_WARN_OBJC_ROOT_CLASS = YES_ERROR;
				CLANG_WARN_RANGE_LOOP_ANALYSIS = YES;
				CLANG_WARN_STRICT_PROTOTYPES = YES;
				CLANG_WARN_SUSPICIOUS_MOVE = YES;
				CLANG_WARN_UNGUARDED_AVAILABILITY = YES_AGGRESSIVE;
				CLANG_WARN_UNREACHABLE_CODE = YES;
				CLANG_WARN__DUPLICATE_METHOD_MATCH = YES;
				COPY_PHASE_STRIP = NO;
				DEBUG_INFORMATION_FORMAT = dwarf;
				ENABLE_STRICT_OBJC_MSGSEND = YES;
				ENABLE_TESTABILITY = YES;
				GCC_C_LANGUAGE_STANDARD = gnu11;
				GCC_DYNAMIC_NO_PIC = NO;
				GCC_NO_COMMON_BLOCKS = YES;
				GCC_OPTIMIZATION_LEVEL = 0;
				GCC_PREPROCESSOR_DEFINITIONS = (
					"DEBUG=1",
					"$(inherited)",
				);
				GCC_WARN_64_TO_32_BIT_CONVERSION = YES;
				GCC_WARN_ABOUT_RETURN_TYPE = YES_ERROR;
				GCC_WARN_UNDECLARED_SELECTOR = YES;
				GCC_WARN_UNINITIALIZED_AUTOS = YES_AGGRESSIVE;
				GCC_WARN_UNUSED_FUNCTION = YES;
				GCC_WARN_UNUSED_VARIABLE = YES;
				IPHONEOS_DEPLOYMENT_TARGET = 13.0;
				MTL_ENABLE_DEBUG_INFO = INCLUDE_SOURCE;
				MTL_FAST_MATH = YES;
				ONLY_ACTIVE_ARCH = YES;
				SDKROOT = iphoneos;
			};
			name = Debug;
		};
		665442C6236BE1320089102A /* Release */ = {
			isa = XCBuildConfiguration;
			buildSettings = {
				ALWAYS_SEARCH_USER_PATHS = NO;
				CLANG_ANALYZER_NONNULL = YES;
				CLANG_ANALYZER_NUMBER_OBJECT_CONVERSION = YES_AGGRESSIVE;
				CLANG_CXX_LANGUAGE_STANDARD = "gnu++14";
				CLANG_CXX_LIBRARY = "libc++";
				CLANG_ENABLE_MODULES = YES;
				CLANG_ENABLE_OBJC_ARC = YES;
				CLANG_ENABLE_OBJC_WEAK = YES;
				CLANG_WARN_BLOCK_CAPTURE_AUTORELEASING = YES;
				CLANG_WARN_BOOL_CONVERSION = YES;
				CLANG_WARN_COMMA = YES;
				CLANG_WARN_CONSTANT_CONVERSION = YES;
				CLANG_WARN_DEPRECATED_OBJC_IMPLEMENTATIONS = YES;
				CLANG_WARN_DIRECT_OBJC_ISA_USAGE = YES_ERROR;
				CLANG_WARN_DOCUMENTATION_COMMENTS = YES;
				CLANG_WARN_EMPTY_BODY = YES;
				CLANG_WARN_ENUM_CONVERSION = YES;
				CLANG_WARN_INFINITE_RECURSION = YES;
				CLANG_WARN_INT_CONVERSION = YES;
				CLANG_WARN_NON_LITERAL_NULL_CONVERSION = YES;
				CLANG_WARN_OBJC_IMPLICIT_RETAIN_SELF = YES;
				CLANG_WARN_OBJC_LITERAL_CONVERSION = YES;
				CLANG_WARN_OBJC_ROOT_CLASS = YES_ERROR;
				CLANG_WARN_RANGE_LOOP_ANALYSIS = YES;
				CLANG_WARN_STRICT_PROTOTYPES = YES;
				CLANG_WARN_SUSPICIOUS_MOVE = YES;
				CLANG_WARN_UNGUARDED_AVAILABILITY = YES_AGGRESSIVE;
				CLANG_WARN_UNREACHABLE_CODE = YES;
				CLANG_WARN__DUPLICATE_METHOD_MATCH = YES;
				COPY_PHASE_STRIP = NO;
				DEBUG_INFORMATION_FORMAT = "dwarf-with-dsym";
				ENABLE_NS_ASSERTIONS = NO;
				ENABLE_STRICT_OBJC_MSGSEND = YES;
				GCC_C_LANGUAGE_STANDARD = gnu11;
				GCC_NO_COMMON_BLOCKS = YES;
				GCC_WARN_64_TO_32_BIT_CONVERSION = YES;
				GCC_WARN_ABOUT_RETURN_TYPE = YES_ERROR;
				GCC_WARN_UNDECLARED_SELECTOR = YES;
				GCC_WARN_UNINITIALIZED_AUTOS = YES_AGGRESSIVE;
				GCC_WARN_UNUSED_FUNCTION = YES;
				GCC_WARN_UNUSED_VARIABLE = YES;
				IPHONEOS_DEPLOYMENT_TARGET = 13.0;
				MTL_ENABLE_DEBUG_INFO = NO;
				MTL_FAST_MATH = YES;
				SDKROOT = iphoneos;
				VALIDATE_PRODUCT = YES;
			};
			name = Release;
		};
		665442C8236BE1320089102A /* Debug */ = {
			isa = XCBuildConfiguration;
			buildSettings = {
				ASSETCATALOG_COMPILER_APPICON_NAME = AppIcon;
				CODE_SIGN_STYLE = Automatic;
				INFOPLIST_FILE = testAACEncode/Info.plist;
				LD_RUNPATH_SEARCH_PATHS = (
					"$(inherited)",
					"@executable_path/Frameworks",
				);
				PRODUCT_BUNDLE_IDENTIFIER = me.yohen.testAACEncode;
				PRODUCT_NAME = "$(TARGET_NAME)";
				TARGETED_DEVICE_FAMILY = "1,2";
			};
			name = Debug;
		};
		665442C9236BE1320089102A /* Release */ = {
			isa = XCBuildConfiguration;
			buildSettings = {
				ASSETCATALOG_COMPILER_APPICON_NAME = AppIcon;
				CODE_SIGN_STYLE = Automatic;
				INFOPLIST_FILE = testAACEncode/Info.plist;
				LD_RUNPATH_SEARCH_PATHS = (
					"$(inherited)",
					"@executable_path/Frameworks",
				);
				PRODUCT_BUNDLE_IDENTIFIER = me.yohen.testAACEncode;
				PRODUCT_NAME = "$(TARGET_NAME)";
				TARGETED_DEVICE_FAMILY = "1,2";
			};
			name = Release;
		};
/* End XCBuildConfiguration section */

/* Begin XCConfigurationList section */
		665442A9236BE12F0089102A /* Build configuration list for PBXProject "testAACEncode" */ = {
			isa = XCConfigurationList;
			buildConfigurations = (
				665442C5236BE1320089102A /* Debug */,
				665442C6236BE1320089102A /* Release */,
			);
			defaultConfigurationIsVisible = 0;
			defaultConfigurationName = Release;
		};
		665442C7236BE1320089102A /* Build configuration list for PBXNativeTarget "testAACEncode" */ = {
			isa = XCConfigurationList;
			buildConfigurations = (
				665442C8236BE1320089102A /* Debug */,
				665442C9236BE1320089102A /* Release */,
			);
			defaultConfigurationIsVisible = 0;
			defaultConfigurationName = Release;
		};
/* End XCConfigurationList section */
	};
	rootObject = 665442A6236BE12F0089102A /* Project object */;
}
